
Microsoft Visual Studio Solution File, Format Version 12.00
# Visual Studio Version 17
VisualStudioVersion = 17.0.31903.59
MinimumVisualStudioVersion = 10.0.40219.1
Project("{2150E333-8FDC-42A3-9474-1A3956D46DE8}") = "components", "components", "{30E7126B-8211-4E19-B456-CC8E4B6E6C8D}"
EndProject
Project("{FAE04EC0-301F-11D3-BF4B-00C04F79EFBC}") = "rabbit-api", "components\rabbit-api\rabbit-api.csproj", "{074F3A9F-A75F-4224-8466-3B3D0AE031EE}"
EndProject
Global
	GlobalSection(SolutionConfigurationPlatforms) = preSolution
		Debug|Any CPU = Debug|Any CPU
		Release|Any CPU = Release|Any CPU
	EndGlobalSection
	GlobalSection(SolutionProperties) = preSolution
		HideSolutionNode = FALSE
	EndGlobalSection
	GlobalSection(ProjectConfigurationPlatforms) = postSolution
		{074F3A9F-A75F-4224-8466-3B3D0AE031EE}.Debug|Any CPU.ActiveCfg = Debug|Any CPU
		{074F3A9F-A75F-4224-8466-3B3D0AE031EE}.Debug|Any CPU.Build.0 = Debug|Any CPU
		{074F3A9F-A75F-4224-8466-3B3D0AE031EE}.Release|Any CPU.ActiveCfg = Release|Any CPU
		{074F3A9F-A75F-4224-8466-3B3D0AE031EE}.Release|Any CPU.Build.0 = Release|Any CPU
	EndGlobalSection
	GlobalSection(NestedProjects) = preSolution
		{074F3A9F-A75F-4224-8466-3B3D0AE031EE} = {30E7126B-8211-4E19-B456-CC8E4B6E6C8D}
	EndGlobalSection
EndGlobal
